
Microsoft Visual Studio Solution File, Format Version 12.00
# Visual Studio 15
VisualStudioVersion = 15.0.27703.2042
MinimumVisualStudioVersion = 10.0.40219.1
Project("{FAE04EC0-301F-11D3-BF4B-00C04F79EFBC}") = "PersonalSite", "PersonalSite\PersonalSite.csproj", "{53271AD8-0C2C-4D3C-9D90-A7250AEB2F9B}"
EndProject
Global
	GlobalSection(SolutionConfigurationPlatforms) = preSolution
		Debug|Any CPU = Debug|Any CPU
		Release|Any CPU = Release|Any CPU
	EndGlobalSection
	GlobalSection(ProjectConfigurationPlatforms) = postSolution
		{53271AD8-0C2C-4D3C-9D90-A7250AEB2F9B}.Debug|Any CPU.ActiveCfg = Debug|Any CPU
		{53271AD8-0C2C-4D3C-9D90-A7250AEB2F9B}.Debug|Any CPU.Build.0 = Debug|Any CPU
		{53271AD8-0C2C-4D3C-9D90-A7250AEB2F9B}.Release|Any CPU.ActiveCfg = Release|Any CPU
		{53271AD8-0C2C-4D3C-9D90-A7250AEB2F9B}.Release|Any CPU.Build.0 = Release|Any CPU
	EndGlobalSection
	GlobalSection(SolutionProperties) = preSolution
		HideSolutionNode = FALSE
	EndGlobalSection
	GlobalSection(ExtensibilityGlobals) = postSolution
		SolutionGuid = {C3EBEF91-92FE-4959-8900-FF050298FC60}
	EndGlobalSection
EndGlobal
